
Microsoft Visual Studio Solution File, Format Version 12.00
# Visual Studio Version 17
VisualStudioVersion = 17.14.37111.16 d17.14
MinimumVisualStudioVersion = 10.0.40219.1
Project("{FAE04EC0-301F-11D3-BF4B-00C04F79EFBC}") = "ddd", "ddd\ddd.csproj", "{ADECE920-9D59-456C-B365-B99CA9FF619A}"
EndProject
Global
	GlobalSection(SolutionConfigurationPlatforms) = preSolution
		Debug|Any CPU = Debug|Any CPU
		Release|Any CPU = Release|Any CPU
	EndGlobalSection
	GlobalSection(ProjectConfigurationPlatforms) = postSolution
		{ADECE920-9D59-456C-B365-B99CA9FF619A}.Debug|Any CPU.ActiveCfg = Debug|Any CPU
		{ADECE920-9D59-456C-B365-B99CA9FF619A}.Debug|Any CPU.Build.0 = Debug|Any CPU
		{ADECE920-9D59-456C-B365-B99CA9FF619A}.Release|Any CPU.ActiveCfg = Release|Any CPU
		{ADECE920-9D59-456C-B365-B99CA9FF619A}.Release|Any CPU.Build.0 = Release|Any CPU
	EndGlobalSection
	GlobalSection(SolutionProperties) = preSolution
		HideSolutionNode = FALSE
	EndGlobalSection
	GlobalSection(ExtensibilityGlobals) = postSolution
		SolutionGuid = {72BDD8A2-DE6C-4380-BD97-6DCBA9A4400D}
	EndGlobalSection
EndGlobal
